
Microsoft Visual Studio Solution File, Format Version 12.00
# Visual Studio Version 16
VisualStudioVersion = 16.0.30907.101
MinimumVisualStudioVersion = 10.0.40219.1
Project("{FAE04EC0-301F-11D3-BF4B-00C04F79EFBC}") = "MyDictionary", "MyDictionary\MyDictionary.csproj", "{3544AB0B-19CF-4913-BEC7-CC43A156BCEF}"
EndProject
Global
	GlobalSection(SolutionConfigurationPlatforms) = preSolution
		Debug|Any CPU = Debug|Any CPU
		Release|Any CPU = Release|Any CPU
	EndGlobalSection
	GlobalSection(ProjectConfigurationPlatforms) = postSolution
		{3544AB0B-19CF-4913-BEC7-CC43A156BCEF}.Debug|Any CPU.ActiveCfg = Debug|Any CPU
		{3544AB0B-19CF-4913-BEC7-CC43A156BCEF}.Debug|Any CPU.Build.0 = Debug|Any CPU
		{3544AB0B-19CF-4913-BEC7-CC43A156BCEF}.Release|Any CPU.ActiveCfg = Release|Any CPU
		{3544AB0B-19CF-4913-BEC7-CC43A156BCEF}.Release|Any CPU.Build.0 = Release|Any CPU
	EndGlobalSection
	GlobalSection(SolutionProperties) = preSolution
		HideSolutionNode = FALSE
	EndGlobalSection
	GlobalSection(ExtensibilityGlobals) = postSolution
		SolutionGuid = {2D124DB4-2A14-4A00-9A31-A28AECBA5942}
	EndGlobalSection
EndGlobal
